{
  "name": "extension_signature",
  "version": "1.0.0",
  "lockfileVersion": 3,
  "requires": true,
  "packages": {
    "": {
      "name": "extension_signature",
      "version": "1.0.0",
      "license": "ISC",
      "dependencies": {
        "signature_pad": "^5.0.10"
      }
    },
    "node_modules/signature_pad": {
      "version": "5.0.10",
      "resolved": "https://registry.npmjs.org/signature_pad/-/signature_pad-5.0.10.tgz",
      "integrity": "sha512-t7rLjpAtxYAIrTHr7EKfY8ulTWF+G/LFMto502a61KZvZNWZSwhTPeLE6171YMDd2sSYRBwQ17ENK5huAi9Rsg=="
    }
  }
}
