{
  "name": "extension_signature",
  "version": "1.0.0",
  "lockfileVersion": 3,
  "requires": true,
  "packages": {
    "": {
      "name": "extension_signature",
      "version": "1.0.0",
      "license": "ISC",
      "dependencies": {
        "openpgp": "^6.2.1",
        "signature_pad": "^5.0.10"
      }
    },
    "node_modules/openpgp": {
      "version": "6.2.1",
      "resolved": "https://registry.npmjs.org/openpgp/-/openpgp-6.2.1.tgz",
      "integrity": "sha512-5vkqxQWgyrfY0shygqJTaCoa4SbPdjrpmtfREyXBBDrXjoRT25edEMQbdKH5/WxDXlLVn9TxPsVrKP72Jjuz2A==",
      "engines": {
        "node": ">= 18.0.0"
      }
    },
    "node_modules/signature_pad": {
      "version": "5.0.10",
      "resolved": "https://registry.npmjs.org/signature_pad/-/signature_pad-5.0.10.tgz",
      "integrity": "sha512-t7rLjpAtxYAIrTHr7EKfY8ulTWF+G/LFMto502a61KZvZNWZSwhTPeLE6171YMDd2sSYRBwQ17ENK5huAi9Rsg=="
    }
  }
}
